
Microsoft Visual Studio Solution File, Format Version 12.00
# Visual Studio Version 17
VisualStudioVersion = 17.6.33723.286
MinimumVisualStudioVersion = 10.0.40219.1
Project("{FAE04EC0-301F-11D3-BF4B-00C04F79EFBC}") = "MyStore", "MyStore.csproj", "{62302142-2256-4D97-8A3E-F6662BF18D20}"
EndProject
Global
	GlobalSection(SolutionConfigurationPlatforms) = preSolution
		Debug|Any CPU = Debug|Any CPU
		Release|Any CPU = Release|Any CPU
	EndGlobalSection
	GlobalSection(ProjectConfigurationPlatforms) = postSolution
		{62302142-2256-4D97-8A3E-F6662BF18D20}.Debug|Any CPU.ActiveCfg = Debug|Any CPU
		{62302142-2256-4D97-8A3E-F6662BF18D20}.Debug|Any CPU.Build.0 = Debug|Any CPU
		{62302142-2256-4D97-8A3E-F6662BF18D20}.Release|Any CPU.ActiveCfg = Release|Any CPU
		{62302142-2256-4D97-8A3E-F6662BF18D20}.Release|Any CPU.Build.0 = Release|Any CPU
	EndGlobalSection
	GlobalSection(SolutionProperties) = preSolution
		HideSolutionNode = FALSE
	EndGlobalSection
	GlobalSection(ExtensibilityGlobals) = postSolution
		SolutionGuid = {6C1BF21F-8D76-4810-B2E8-76F1013763A7}
	EndGlobalSection
EndGlobal
